
Microsoft Visual Studio Solution File, Format Version 12.00
# Visual Studio Version 17
VisualStudioVersion = 17.2.32602.215
MinimumVisualStudioVersion = 10.0.40219.1
Project("{FAE04EC0-301F-11D3-BF4B-00C04F79EFBC}") = "CashBook.Data", "CashBook.Data\CashBook.Data.csproj", "{AD849B6E-4467-4A59-9970-3B8E76D0A455}"
EndProject
Project("{FAE04EC0-301F-11D3-BF4B-00C04F79EFBC}") = "CashBook.Services", "CashBook.Services\CashBook.Services.csproj", "{E18E8D04-D120-49B2-A460-E52C76CE5133}"
EndProject
Project("{FAE04EC0-301F-11D3-BF4B-00C04F79EFBC}") = "CashBook.API", "CashBook.API\CashBook.API.csproj", "{732A9621-AFD1-4A09-A964-E04BDD13E966}"
EndProject
Global
	GlobalSection(SolutionConfigurationPlatforms) = preSolution
		Debug|Any CPU = Debug|Any CPU
		Release|Any CPU = Release|Any CPU
	EndGlobalSection
	GlobalSection(ProjectConfigurationPlatforms) = postSolution
		{AD849B6E-4467-4A59-9970-3B8E76D0A455}.Debug|Any CPU.ActiveCfg = Debug|Any CPU
		{AD849B6E-4467-4A59-9970-3B8E76D0A455}.Debug|Any CPU.Build.0 = Debug|Any CPU
		{AD849B6E-4467-4A59-9970-3B8E76D0A455}.Release|Any CPU.ActiveCfg = Release|Any CPU
		{AD849B6E-4467-4A59-9970-3B8E76D0A455}.Release|Any CPU.Build.0 = Release|Any CPU
		{E18E8D04-D120-49B2-A460-E52C76CE5133}.Debug|Any CPU.ActiveCfg = Debug|Any CPU
		{E18E8D04-D120-49B2-A460-E52C76CE5133}.Debug|Any CPU.Build.0 = Debug|Any CPU
		{E18E8D04-D120-49B2-A460-E52C76CE5133}.Release|Any CPU.ActiveCfg = Release|Any CPU
		{E18E8D04-D120-49B2-A460-E52C76CE5133}.Release|Any CPU.Build.0 = Release|Any CPU
		{732A9621-AFD1-4A09-A964-E04BDD13E966}.Debug|Any CPU.ActiveCfg = Debug|Any CPU
		{732A9621-AFD1-4A09-A964-E04BDD13E966}.Debug|Any CPU.Build.0 = Debug|Any CPU
		{732A9621-AFD1-4A09-A964-E04BDD13E966}.Release|Any CPU.ActiveCfg = Release|Any CPU
		{732A9621-AFD1-4A09-A964-E04BDD13E966}.Release|Any CPU.Build.0 = Release|Any CPU
	EndGlobalSection
	GlobalSection(SolutionProperties) = preSolution
		HideSolutionNode = FALSE
	EndGlobalSection
	GlobalSection(ExtensibilityGlobals) = postSolution
		SolutionGuid = {5CF83767-9A41-4FBE-8A44-8B9B9EBDCC52}
	EndGlobalSection
EndGlobal
